
Microsoft Visual Studio Solution File, Format Version 12.00
# Visual Studio Version 17
VisualStudioVersion = 17.2.32630.192
MinimumVisualStudioVersion = 10.0.40219.1
Project("{FAE04EC0-301F-11D3-BF4B-00C04F79EFBC}") = "MegaNzChecker", "MegaNzChecker\MegaNzChecker.csproj", "{9E3DE769-86C6-4E39-897A-1EB4FFC51027}"
EndProject
Global
	GlobalSection(SolutionConfigurationPlatforms) = preSolution
		Debug|Any CPU = Debug|Any CPU
		Release|Any CPU = Release|Any CPU
	EndGlobalSection
	GlobalSection(ProjectConfigurationPlatforms) = postSolution
		{9E3DE769-86C6-4E39-897A-1EB4FFC51027}.Debug|Any CPU.ActiveCfg = Debug|Any CPU
		{9E3DE769-86C6-4E39-897A-1EB4FFC51027}.Debug|Any CPU.Build.0 = Debug|Any CPU
		{9E3DE769-86C6-4E39-897A-1EB4FFC51027}.Release|Any CPU.ActiveCfg = Release|Any CPU
		{9E3DE769-86C6-4E39-897A-1EB4FFC51027}.Release|Any CPU.Build.0 = Release|Any CPU
	EndGlobalSection
	GlobalSection(SolutionProperties) = preSolution
		HideSolutionNode = FALSE
	EndGlobalSection
	GlobalSection(ExtensibilityGlobals) = postSolution
		SolutionGuid = {70A7433E-76BE-4697-A218-DF2D127443FB}
	EndGlobalSection
EndGlobal
